// !$*UTF8*$!
{
	archiveVersion = 1;
	classes = {
	};
	objectVersion = 52;
	objects = {

/* Begin PBXBuildFile section */
		1839F4B025190F2A00BB00F1 /* AppMain.swift in Sources */ = {isa = PBXBuildFile; fileRef = 1839F4AF25190F2A00BB00F1 /* AppMain.swift */; };
		18D775C522AD944300AE281E /* ContentView.swift in Sources */ = {isa = PBXBuildFile; fileRef = 18D775C422AD944300AE281E /* ContentView.swift */; };
		18D775C722AD944400AE281E /* Assets.xcassets in Resources */ = {isa = PBXBuildFile; fileRef = 18D775C622AD944400AE281E /* Assets.xcassets */; };
		18D775CA22AD944400AE281E /* Preview Assets.xcassets in Resources */ = {isa = PBXBuildFile; fileRef = 18D775C922AD944400AE281E /* Preview Assets.xcassets */; };
		18D775D822AD963800AE281E /* LaunchScreen.storyboard in Resources */ = {isa = PBXBuildFile; fileRef = 18D775DA22AD963800AE281E /* LaunchScreen.storyboard */; };
		A9214AFD27DA87CC00A4F7CE /* common-words-5.txt in Resources */ = {isa = PBXBuildFile; fileRef = A9214AFB27DA87CC00A4F7CE /* common-words-5.txt */; };
		A9A91D2827B1892800D9DAFE /* Word.swift in Sources */ = {isa = PBXBuildFile; fileRef = A9A91D2327B1892800D9DAFE /* Word.swift */; };
		A9A91D2927B1892800D9DAFE /* WordlGame.swift in Sources */ = {isa = PBXBuildFile; fileRef = A9A91D2427B1892800D9DAFE /* WordlGame.swift */; };
		A9A91D2A27B1892800D9DAFE /* Letter.swift in Sources */ = {isa = PBXBuildFile; fileRef = A9A91D2527B1892800D9DAFE /* Letter.swift */; };
		A9A91D2B27B1892800D9DAFE /* WordlDictionary.swift in Sources */ = {isa = PBXBuildFile; fileRef = A9A91D2627B1892800D9DAFE /* WordlDictionary.swift */; };
		A9A91D3427B18A3100D9DAFE /* LetterBoxView.swift in Sources */ = {isa = PBXBuildFile; fileRef = A9A91D3027B18A3100D9DAFE /* LetterBoxView.swift */; };
		A9A91D3527B18A3100D9DAFE /* WordlGameView.swift in Sources */ = {isa = PBXBuildFile; fileRef = A9A91D3127B18A3100D9DAFE /* WordlGameView.swift */; };
		A9A91D3627B18A3100D9DAFE /* WordView.swift in Sources */ = {isa = PBXBuildFile; fileRef = A9A91D3227B18A3100D9DAFE /* WordView.swift */; };
		A9A91D3727B18A3100D9DAFE /* LetterView.swift in Sources */ = {isa = PBXBuildFile; fileRef = A9A91D3327B18A3100D9DAFE /* LetterView.swift */; };
		A9A91D3B27B18A5E00D9DAFE /* KeyButtonView.swift in Sources */ = {isa = PBXBuildFile; fileRef = A9A91D3927B18A5E00D9DAFE /* KeyButtonView.swift */; };
		A9A91D3C27B18A5E00D9DAFE /* KeyboardView.swift in Sources */ = {isa = PBXBuildFile; fileRef = A9A91D3A27B18A5E00D9DAFE /* KeyboardView.swift */; };
		A9A91D4727B18C1B00D9DAFE /* ActionBarView.swift in Sources */ = {isa = PBXBuildFile; fileRef = A9A91D4627B18C1B00D9DAFE /* ActionBarView.swift */; };
		B6C3581A28577B5C00AECB40 /* TitleView.swift in Sources */ = {isa = PBXBuildFile; fileRef = B6C3581928577B5C00AECB40 /* TitleView.swift */; };
/* End PBXBuildFile section */

/* Begin PBXFileReference section */
		1839F4AF25190F2A00BB00F1 /* AppMain.swift */ = {isa = PBXFileReference; lastKnownFileType = sourcecode.swift; path = AppMain.swift; sourceTree = "<group>"; };
		18D775BD22AD944300AE281E /* GuessTheWord.app */ = {isa = PBXFileReference; explicitFileType = wrapper.application; includeInIndex = 0; path = GuessTheWord.app; sourceTree = BUILT_PRODUCTS_DIR; };
		18D775C422AD944300AE281E /* ContentView.swift */ = {isa = PBXFileReference; lastKnownFileType = sourcecode.swift; path = ContentView.swift; sourceTree = "<group>"; };
		18D775C622AD944400AE281E /* Assets.xcassets */ = {isa = PBXFileReference; lastKnownFileType = folder.assetcatalog; path = Assets.xcassets; sourceTree = "<group>"; };
		18D775C922AD944400AE281E /* Preview Assets.xcassets */ = {isa = PBXFileReference; lastKnownFileType = folder.assetcatalog; path = "Preview Assets.xcassets"; sourceTree = "<group>"; };
		18D775CE22AD944400AE281E /* Info.plist */ = {isa = PBXFileReference; lastKnownFileType = text.plist.xml; path = Info.plist; sourceTree = "<group>"; };
		18D775DE22AD96B400AE281E /* Base */ = {isa = PBXFileReference; lastKnownFileType = file.storyboard; name = Base; path = Base.lproj/LaunchScreen.storyboard; sourceTree = "<group>"; };
		A9214AFB27DA87CC00A4F7CE /* common-words-5.txt */ = {isa = PBXFileReference; fileEncoding = 4; lastKnownFileType = text; path = "common-words-5.txt"; sourceTree = "<group>"; };
		A9A91D2327B1892800D9DAFE /* Word.swift */ = {isa = PBXFileReference; fileEncoding = 4; lastKnownFileType = sourcecode.swift; path = Word.swift; sourceTree = "<group>"; };
		A9A91D2427B1892800D9DAFE /* WordlGame.swift */ = {isa = PBXFileReference; fileEncoding = 4; lastKnownFileType = sourcecode.swift; path = WordlGame.swift; sourceTree = "<group>"; };
		A9A91D2527B1892800D9DAFE /* Letter.swift */ = {isa = PBXFileReference; fileEncoding = 4; lastKnownFileType = sourcecode.swift; path = Letter.swift; sourceTree = "<group>"; };
		A9A91D2627B1892800D9DAFE /* WordlDictionary.swift */ = {isa = PBXFileReference; fileEncoding = 4; lastKnownFileType = sourcecode.swift; path = WordlDictionary.swift; sourceTree = "<group>"; };
		A9A91D3027B18A3100D9DAFE /* LetterBoxView.swift */ = {isa = PBXFileReference; fileEncoding = 4; lastKnownFileType = sourcecode.swift; path = LetterBoxView.swift; sourceTree = "<group>"; };
		A9A91D3127B18A3100D9DAFE /* WordlGameView.swift */ = {isa = PBXFileReference; fileEncoding = 4; lastKnownFileType = sourcecode.swift; path = WordlGameView.swift; sourceTree = "<group>"; };
		A9A91D3227B18A3100D9DAFE /* WordView.swift */ = {isa = PBXFileReference; fileEncoding = 4; lastKnownFileType = sourcecode.swift; path = WordView.swift; sourceTree = "<group>"; };
		A9A91D3327B18A3100D9DAFE /* LetterView.swift */ = {isa = PBXFileReference; fileEncoding = 4; lastKnownFileType = sourcecode.swift; path = LetterView.swift; sourceTree = "<group>"; };
		A9A91D3927B18A5E00D9DAFE /* KeyButtonView.swift */ = {isa = PBXFileReference; fileEncoding = 4; lastKnownFileType = sourcecode.swift; path = KeyButtonView.swift; sourceTree = "<group>"; };
		A9A91D3A27B18A5E00D9DAFE /* KeyboardView.swift */ = {isa = PBXFileReference; fileEncoding = 4; lastKnownFileType = sourcecode.swift; path = KeyboardView.swift; sourceTree = "<group>"; };
		A9A91D4627B18C1B00D9DAFE /* ActionBarView.swift */ = {isa = PBXFileReference; lastKnownFileType = sourcecode.swift; path = ActionBarView.swift; sourceTree = "<group>"; };
		B6C3581928577B5C00AECB40 /* TitleView.swift */ = {isa = PBXFileReference; lastKnownFileType = sourcecode.swift; path = TitleView.swift; sourceTree = "<group>"; };
/* End PBXFileReference section */

/* Begin PBXFrameworksBuildPhase section */
		18D775BA22AD944300AE281E /* Frameworks */ = {
			isa = PBXFrameworksBuildPhase;
			buildActionMask = 2147483647;
			files = (
			);
			runOnlyForDeploymentPostprocessing = 0;
		};
/* End PBXFrameworksBuildPhase section */

/* Begin PBXGroup section */
		18D775B422AD944300AE281E = {
			isa = PBXGroup;
			children = (
				18D775BF22AD944300AE281E /* GuessTheWord */,
				18D775BE22AD944300AE281E /* Products */,
			);
			indentWidth = 2;
			sourceTree = "<group>";
			tabWidth = 2;
		};
		18D775BE22AD944300AE281E /* Products */ = {
			isa = PBXGroup;
			children = (
				18D775BD22AD944300AE281E /* GuessTheWord.app */,
			);
			name = Products;
			sourceTree = "<group>";
		};
		18D775BF22AD944300AE281E /* GuessTheWord */ = {
			isa = PBXGroup;
			children = (
				A9A91D2F27B18A1800D9DAFE /* GameBoardViews */,
				A9A91D3827B18A5400D9DAFE /* KeyboardViews */,
				A9A91D2C27B189BD00D9DAFE /* Resources */,
				A9A91D2127B1891900D9DAFE /* Models */,
				1839F4AF25190F2A00BB00F1 /* AppMain.swift */,
				18D775C422AD944300AE281E /* ContentView.swift */,
				18D775C622AD944400AE281E /* Assets.xcassets */,
				18D775DA22AD963800AE281E /* LaunchScreen.storyboard */,
				18D775CE22AD944400AE281E /* Info.plist */,
				18D775C822AD944400AE281E /* Preview Content */,
			);
			path = GuessTheWord;
			sourceTree = "<group>";
		};
		18D775C822AD944400AE281E /* Preview Content */ = {
			isa = PBXGroup;
			children = (
				18D775C922AD944400AE281E /* Preview Assets.xcassets */,
			);
			path = "Preview Content";
			sourceTree = "<group>";
		};
		A9A91D2127B1891900D9DAFE /* Models */ = {
			isa = PBXGroup;
			children = (
				A9A91D2627B1892800D9DAFE /* WordlDictionary.swift */,
				A9A91D2327B1892800D9DAFE /* Word.swift */,
				A9A91D2527B1892800D9DAFE /* Letter.swift */,
				A9A91D2427B1892800D9DAFE /* WordlGame.swift */,
			);
			path = Models;
			sourceTree = "<group>";
		};
		A9A91D2C27B189BD00D9DAFE /* Resources */ = {
			isa = PBXGroup;
			children = (
				A9214AFB27DA87CC00A4F7CE /* common-words-5.txt */,
			);
			path = Resources;
			sourceTree = "<group>";
		};
		A9A91D2F27B18A1800D9DAFE /* GameBoardViews */ = {
			isa = PBXGroup;
			children = (
				A9A91D3227B18A3100D9DAFE /* WordView.swift */,
				A9A91D3027B18A3100D9DAFE /* LetterBoxView.swift */,
				A9A91D3127B18A3100D9DAFE /* WordlGameView.swift */,
				B6C3581928577B5C00AECB40 /* TitleView.swift */,
				A9A91D3327B18A3100D9DAFE /* LetterView.swift */,
				A9A91D4627B18C1B00D9DAFE /* ActionBarView.swift */,
			);
			path = GameBoardViews;
			sourceTree = "<group>";
		};
		A9A91D3827B18A5400D9DAFE /* KeyboardViews */ = {
			isa = PBXGroup;
			children = (
				A9A91D3A27B18A5E00D9DAFE /* KeyboardView.swift */,
				A9A91D3927B18A5E00D9DAFE /* KeyButtonView.swift */,
			);
			path = KeyboardViews;
			sourceTree = "<group>";
		};
/* End PBXGroup section */

/* Begin PBXNativeTarget section */
		18D775BC22AD944300AE281E /* GuessTheWord */ = {
			isa = PBXNativeTarget;
			buildConfigurationList = 18D775D122AD944400AE281E /* Build configuration list for PBXNativeTarget "GuessTheWord" */;
			buildPhases = (
				181FE31D248EA6C900A180EA /* SwiftLint */,
				18D775B922AD944300AE281E /* Sources */,
				18D775BA22AD944300AE281E /* Frameworks */,
				18D775BB22AD944300AE281E /* Resources */,
			);
			buildRules = (
			);
			dependencies = (
			);
			name = GuessTheWord;
			productName = MyRWTutorial;
			productReference = 18D775BD22AD944300AE281E /* GuessTheWord.app */;
			productType = "com.apple.product-type.application";
		};
/* End PBXNativeTarget section */

/* Begin PBXProject section */
		18D775B522AD944300AE281E /* Project object */ = {
			isa = PBXProject;
			attributes = {
				LastSwiftUpdateCheck = 1100;
				LastUpgradeCheck = 1200;
				ORGANIZATIONNAME = "Ray Wenderlich";
				TargetAttributes = {
					18D775BC22AD944300AE281E = {
						CreatedOnToolsVersion = 11.0;
					};
				};
			};
			buildConfigurationList = 18D775B822AD944300AE281E /* Build configuration list for PBXProject "GuessTheWord" */;
			compatibilityVersion = "Xcode 11.0";
			developmentRegion = en;
			hasScannedForEncodings = 0;
			knownRegions = (
				en,
				Base,
			);
			mainGroup = 18D775B422AD944300AE281E;
			productRefGroup = 18D775BE22AD944300AE281E /* Products */;
			projectDirPath = "";
			projectRoot = "";
			targets = (
				18D775BC22AD944300AE281E /* GuessTheWord */,
			);
		};
/* End PBXProject section */

/* Begin PBXResourcesBuildPhase section */
		18D775BB22AD944300AE281E /* Resources */ = {
			isa = PBXResourcesBuildPhase;
			buildActionMask = 2147483647;
			files = (
				18D775D822AD963800AE281E /* LaunchScreen.storyboard in Resources */,
				A9214AFD27DA87CC00A4F7CE /* common-words-5.txt in Resources */,
				18D775CA22AD944400AE281E /* Preview Assets.xcassets in Resources */,
				18D775C722AD944400AE281E /* Assets.xcassets in Resources */,
			);
			runOnlyForDeploymentPostprocessing = 0;
		};
/* End PBXResourcesBuildPhase section */

/* Begin PBXShellScriptBuildPhase section */
		181FE31D248EA6C900A180EA /* SwiftLint */ = {
			isa = PBXShellScriptBuildPhase;
			buildActionMask = 2147483647;
			files = (
			);
			inputFileListPaths = (
			);
			inputPaths = (
			);
			name = SwiftLint;
			outputFileListPaths = (
			);
			outputPaths = (
			);
			runOnlyForDeploymentPostprocessing = 0;
			shellPath = /bin/sh;
			shellScript = "PATH=/opt/homebrew/bin:$PATH\nif [ -f ~/com.raywenderlich.swiftlint.yml ]; then\n  if which swiftlint >/dev/null; then\n    swiftlint --no-cache --config ~/com.raywenderlich.swiftlint.yml\n  fi\nfi\n";
		};
/* End PBXShellScriptBuildPhase section */

/* Begin PBXSourcesBuildPhase section */
		18D775B922AD944300AE281E /* Sources */ = {
			isa = PBXSourcesBuildPhase;
			buildActionMask = 2147483647;
			files = (
				A9A91D3427B18A3100D9DAFE /* LetterBoxView.swift in Sources */,
				A9A91D3C27B18A5E00D9DAFE /* KeyboardView.swift in Sources */,
				A9A91D2A27B1892800D9DAFE /* Letter.swift in Sources */,
				B6C3581A28577B5C00AECB40 /* TitleView.swift in Sources */,
				A9A91D3B27B18A5E00D9DAFE /* KeyButtonView.swift in Sources */,
				A9A91D3627B18A3100D9DAFE /* WordView.swift in Sources */,
				A9A91D2927B1892800D9DAFE /* WordlGame.swift in Sources */,
				18D775C522AD944300AE281E /* ContentView.swift in Sources */,
				A9A91D2827B1892800D9DAFE /* Word.swift in Sources */,
				A9A91D3527B18A3100D9DAFE /* WordlGameView.swift in Sources */,
				A9A91D4727B18C1B00D9DAFE /* ActionBarView.swift in Sources */,
				A9A91D2B27B1892800D9DAFE /* WordlDictionary.swift in Sources */,
				A9A91D3727B18A3100D9DAFE /* LetterView.swift in Sources */,
				1839F4B025190F2A00BB00F1 /* AppMain.swift in Sources */,
			);
			runOnlyForDeploymentPostprocessing = 0;
		};
/* End PBXSourcesBuildPhase section */

/* Begin PBXVariantGroup section */
		18D775DA22AD963800AE281E /* LaunchScreen.storyboard */ = {
			isa = PBXVariantGroup;
			children = (
				18D775DE22AD96B400AE281E /* Base */,
			);
			name = LaunchScreen.storyboard;
			sourceTree = "<group>";
		};
/* End PBXVariantGroup section */

/* Begin XCBuildConfiguration section */
		18D775CF22AD944400AE281E /* Debug */ = {
			isa = XCBuildConfiguration;
			buildSettings = {
				ALWAYS_SEARCH_USER_PATHS = NO;
				CLANG_ANALYZER_NONNULL = YES;
				CLANG_ANALYZER_NUMBER_OBJECT_CONVERSION = YES_AGGRESSIVE;
				CLANG_CXX_LANGUAGE_STANDARD = "gnu++14";
				CLANG_CXX_LIBRARY = "libc++";
				CLANG_ENABLE_MODULES = YES;
				CLANG_ENABLE_OBJC_ARC = YES;
				CLANG_ENABLE_OBJC_WEAK = YES;
				CLANG_WARN_BLOCK_CAPTURE_AUTORELEASING = YES;
				CLANG_WARN_BOOL_CONVERSION = YES;
				CLANG_WARN_COMMA = YES;
				CLANG_WARN_CONSTANT_CONVERSION = YES;
				CLANG_WARN_DEPRECATED_OBJC_IMPLEMENTATIONS = YES;
				CLANG_WARN_DIRECT_OBJC_ISA_USAGE = YES_ERROR;
				CLANG_WARN_DOCUMENTATION_COMMENTS = YES;
				CLANG_WARN_EMPTY_BODY = YES;
				CLANG_WARN_ENUM_CONVERSION = YES;
				CLANG_WARN_INFINITE_RECURSION = YES;
				CLANG_WARN_INT_CONVERSION = YES;
				CLANG_WARN_NON_LITERAL_NULL_CONVERSION = YES;
				CLANG_WARN_OBJC_IMPLICIT_RETAIN_SELF = YES;
				CLANG_WARN_OBJC_LITERAL_CONVERSION = YES;
				CLANG_WARN_OBJC_ROOT_CLASS = YES_ERROR;
				CLANG_WARN_QUOTED_INCLUDE_IN_FRAMEWORK_HEADER = YES;
				CLANG_WARN_RANGE_LOOP_ANALYSIS = YES;
				CLANG_WARN_STRICT_PROTOTYPES = YES;
				CLANG_WARN_SUSPICIOUS_MOVE = YES;
				CLANG_WARN_UNGUARDED_AVAILABILITY = YES_AGGRESSIVE;
				CLANG_WARN_UNREACHABLE_CODE = YES;
				CLANG_WARN__DUPLICATE_METHOD_MATCH = YES;
				COPY_PHASE_STRIP = NO;
				DEBUG_INFORMATION_FORMAT = dwarf;
				ENABLE_STRICT_OBJC_MSGSEND = YES;
				ENABLE_TESTABILITY = YES;
				GCC_C_LANGUAGE_STANDARD = gnu11;
				GCC_DYNAMIC_NO_PIC = NO;
				GCC_NO_COMMON_BLOCKS = YES;
				GCC_OPTIMIZATION_LEVEL = 0;
				GCC_PREPROCESSOR_DEFINITIONS = (
					"DEBUG=1",
					"$(inherited)",
				);
				GCC_WARN_64_TO_32_BIT_CONVERSION = YES;
				GCC_WARN_ABOUT_RETURN_TYPE = YES_ERROR;
				GCC_WARN_UNDECLARED_SELECTOR = YES;
				GCC_WARN_UNINITIALIZED_AUTOS = YES_AGGRESSIVE;
				GCC_WARN_UNUSED_FUNCTION = YES;
				GCC_WARN_UNUSED_VARIABLE = YES;
				IPHONEOS_DEPLOYMENT_TARGET = 15.0;
				MTL_ENABLE_DEBUG_INFO = INCLUDE_SOURCE;
				MTL_FAST_MATH = YES;
				ONLY_ACTIVE_ARCH = YES;
				SDKROOT = iphoneos;
				SWIFT_ACTIVE_COMPILATION_CONDITIONS = DEBUG;
				SWIFT_OPTIMIZATION_LEVEL = "-Onone";
			};
			name = Debug;
		};
		18D775D022AD944400AE281E /* Release */ = {
			isa = XCBuildConfiguration;
			buildSettings = {
				ALWAYS_SEARCH_USER_PATHS = NO;
				CLANG_ANALYZER_NONNULL = YES;
				CLANG_ANALYZER_NUMBER_OBJECT_CONVERSION = YES_AGGRESSIVE;
				CLANG_CXX_LANGUAGE_STANDARD = "gnu++14";
				CLANG_CXX_LIBRARY = "libc++";
				CLANG_ENABLE_MODULES = YES;
				CLANG_ENABLE_OBJC_ARC = YES;
				CLANG_ENABLE_OBJC_WEAK = YES;
				CLANG_WARN_BLOCK_CAPTURE_AUTORELEASING = YES;
				CLANG_WARN_BOOL_CONVERSION = YES;
				CLANG_WARN_COMMA = YES;
				CLANG_WARN_CONSTANT_CONVERSION = YES;
				CLANG_WARN_DEPRECATED_OBJC_IMPLEMENTATIONS = YES;
				CLANG_WARN_DIRECT_OBJC_ISA_USAGE = YES_ERROR;
				CLANG_WARN_DOCUMENTATION_COMMENTS = YES;
				CLANG_WARN_EMPTY_BODY = YES;
				CLANG_WARN_ENUM_CONVERSION = YES;
				CLANG_WARN_INFINITE_RECURSION = YES;
				CLANG_WARN_INT_CONVERSION = YES;
				CLANG_WARN_NON_LITERAL_NULL_CONVERSION = YES;
				CLANG_WARN_OBJC_IMPLICIT_RETAIN_SELF = YES;
				CLANG_WARN_OBJC_LITERAL_CONVERSION = YES;
				CLANG_WARN_OBJC_ROOT_CLASS = YES_ERROR;
				CLANG_WARN_QUOTED_INCLUDE_IN_FRAMEWORK_HEADER = YES;
				CLANG_WARN_RANGE_LOOP_ANALYSIS = YES;
				CLANG_WARN_STRICT_PROTOTYPES = YES;
				CLANG_WARN_SUSPICIOUS_MOVE = YES;
				CLANG_WARN_UNGUARDED_AVAILABILITY = YES_AGGRESSIVE;
				CLANG_WARN_UNREACHABLE_CODE = YES;
				CLANG_WARN__DUPLICATE_METHOD_MATCH = YES;
				COPY_PHASE_STRIP = NO;
				DEBUG_INFORMATION_FORMAT = "dwarf-with-dsym";
				ENABLE_NS_ASSERTIONS = NO;
				ENABLE_STRICT_OBJC_MSGSEND = YES;
				GCC_C_LANGUAGE_STANDARD = gnu11;
				GCC_NO_COMMON_BLOCKS = YES;
				GCC_WARN_64_TO_32_BIT_CONVERSION = YES;
				GCC_WARN_ABOUT_RETURN_TYPE = YES_ERROR;
				GCC_WARN_UNDECLARED_SELECTOR = YES;
				GCC_WARN_UNINITIALIZED_AUTOS = YES_AGGRESSIVE;
				GCC_WARN_UNUSED_FUNCTION = YES;
				GCC_WARN_UNUSED_VARIABLE = YES;
				IPHONEOS_DEPLOYMENT_TARGET = 15.0;
				MTL_ENABLE_DEBUG_INFO = NO;
				MTL_FAST_MATH = YES;
				SDKROOT = iphoneos;
				SWIFT_COMPILATION_MODE = wholemodule;
				SWIFT_OPTIMIZATION_LEVEL = "-O";
				VALIDATE_PRODUCT = YES;
			};
			name = Release;
		};
		18D775D222AD944400AE281E /* Debug */ = {
			isa = XCBuildConfiguration;
			buildSettings = {
				ASSETCATALOG_COMPILER_APPICON_NAME = AppIcon;
				CODE_SIGN_STYLE = Automatic;
				CURRENT_PROJECT_VERSION = 1;
				DEVELOPMENT_ASSET_PATHS = "GuessTheWord/Preview\\ Content";
				DEVELOPMENT_TEAM = Y7R5N52YDS;
				ENABLE_PREVIEWS = YES;
				INFOPLIST_FILE = GuessTheWord/Info.plist;
				LD_RUNPATH_SEARCH_PATHS = (
					"$(inherited)",
					"@executable_path/Frameworks",
				);
				MARKETING_VERSION = 1.0;
				PRODUCT_BUNDLE_IDENTIFIER = li.kausch.sandbox.GuessTheWord;
				PRODUCT_NAME = "$(TARGET_NAME)";
				SWIFT_VERSION = 5.0;
				TARGETED_DEVICE_FAMILY = "1,2";
			};
			name = Debug;
		};
		18D775D322AD944400AE281E /* Release */ = {
			isa = XCBuildConfiguration;
			buildSettings = {
				ASSETCATALOG_COMPILER_APPICON_NAME = AppIcon;
				CODE_SIGN_STYLE = Automatic;
				CURRENT_PROJECT_VERSION = 1;
				DEVELOPMENT_ASSET_PATHS = "GuessTheWord/Preview\\ Content";
				DEVELOPMENT_TEAM = Y7R5N52YDS;
				ENABLE_PREVIEWS = YES;
				INFOPLIST_FILE = GuessTheWord/Info.plist;
				LD_RUNPATH_SEARCH_PATHS = (
					"$(inherited)",
					"@executable_path/Frameworks",
				);
				MARKETING_VERSION = 1.0;
				PRODUCT_BUNDLE_IDENTIFIER = li.kausch.sandbox.GuessTheWord;
				PRODUCT_NAME = "$(TARGET_NAME)";
				SWIFT_VERSION = 5.0;
				TARGETED_DEVICE_FAMILY = "1,2";
			};
			name = Release;
		};
/* End XCBuildConfiguration section */

/* Begin XCConfigurationList section */
		18D775B822AD944300AE281E /* Build configuration list for PBXProject "GuessTheWord" */ = {
			isa = XCConfigurationList;
			buildConfigurations = (
				18D775CF22AD944400AE281E /* Debug */,
				18D775D022AD944400AE281E /* Release */,
			);
			defaultConfigurationIsVisible = 0;
			defaultConfigurationName = Release;
		};
		18D775D122AD944400AE281E /* Build configuration list for PBXNativeTarget "GuessTheWord" */ = {
			isa = XCConfigurationList;
			buildConfigurations = (
				18D775D222AD944400AE281E /* Debug */,
				18D775D322AD944400AE281E /* Release */,
			);
			defaultConfigurationIsVisible = 0;
			defaultConfigurationName = Release;
		};
/* End XCConfigurationList section */
	};
	rootObject = 18D775B522AD944300AE281E /* Project object */;
}
